PODS:
  - apptentive-ios (5.2.2)
  - apptentive-react-native (5.4.6):
    - apptentive-ios (~> 5)
    - React-Core
  - boost-for-react-native (1.63.0)
  - Branch (0.37.0)
  - DoubleConversion (1.1.6)
  - FBLazyVector (0.61.4)
  - FBReactNativeSpec (0.61.4):
    - Folly (= 2018.10.22.00)
    - RCTRequired (= 0.61.4)
    - RCTTypeSafety (= 0.61.4)
    - React-Core (= 0.61.4)
    - React-jsi (= 0.61.4)
    - ReactCommon/turbomodule/core (= 0.61.4)
  - Firebase/CoreOnly (7.4.0):
    - FirebaseCore (= 7.4.0)
  - Firebase/Messaging (7.4.0):
    - Firebase/CoreOnly
    - FirebaseMessaging (~> 7.4.0)
  - FirebaseCore (7.4.0):
    - FirebaseCoreDiagnostics (~> 7.4)
    - GoogleUtilities/Environment (~> 7.0)
    - GoogleUtilities/Logger (~> 7.0)
  - FirebaseCoreDiagnostics (7.10.0):
    - GoogleDataTransport (~> 8.4)
    - GoogleUtilities/Environment (~> 7.0)
    - GoogleUtilities/Logger (~> 7.0)
    - nanopb (~> 2.30908.0)
  - FirebaseInstallations (7.10.0):
    - FirebaseCore (~> 7.0)
    - GoogleUtilities/Environment (~> 7.0)
    - GoogleUtilities/UserDefaults (~> 7.0)
    - PromisesObjC (~> 1.2)
  - FirebaseInstanceID (7.10.0):
    - FirebaseCore (~> 7.0)
    - FirebaseInstallations (~> 7.0)
    - GoogleUtilities/Environment (~> 7.0)
    - GoogleUtilities/UserDefaults (~> 7.0)
  - FirebaseMessaging (7.4.0):
    - FirebaseCore (~> 7.0)
    - FirebaseInstanceID (~> 7.0)
    - GoogleUtilities/AppDelegateSwizzler (~> 7.0)
    - GoogleUtilities/Environment (~> 7.0)
    - GoogleUtilities/Reachability (~> 7.0)
    - GoogleUtilities/UserDefaults (~> 7.0)
  - Folly (2018.10.22.00):
    - boost-for-react-native
    - DoubleConversion
    - Folly/Default (= 2018.10.22.00)
    - glog
  - Folly/Default (2018.10.22.00):
    - boost-for-react-native
    - DoubleConversion
    - glog
  - glog (0.3.5)
  - GoogleDataTransport (8.4.0):
    - GoogleUtilities/Environment (~> 7.2)
    - nanopb (~> 2.30908.0)
    - PromisesObjC (~> 1.2)
  - GoogleUtilities/AppDelegateSwizzler (7.3.1):
    - GoogleUtilities/Environment
    - GoogleUtilities/Logger
    - GoogleUtilities/Network
  - GoogleUtilities/Environment (7.3.1):
    - PromisesObjC (~> 1.2)
  - GoogleUtilities/Logger (7.3.1):
    - GoogleUtilities/Environment
  - GoogleUtilities/Network (7.3.1):
    - GoogleUtilities/Logger
    - "GoogleUtilities/NSData+zlib"
    - GoogleUtilities/Reachability
  - "GoogleUtilities/NSData+zlib (7.3.1)"
  - GoogleUtilities/Reachability (7.3.1):
    - GoogleUtilities/Logger
  - GoogleUtilities/UserDefaults (7.3.1):
    - GoogleUtilities/Logger
  - iProov (8.2.0):
    - Socket.IO-Client-Swift (~> 15.2)
  - JumioMobileSDK (3.9.0):
    - JumioMobileSDK/JumioMobileSDK (= 3.9.0)
  - JumioMobileSDK/BAMCheckout (3.9.2)
  - JumioMobileSDK/DocumentVerification (3.9.2)
  - JumioMobileSDK/JumioMobileSDK (3.9.0):
    - iProov (= 8.2.0)
  - JumioMobileSDK/Netverify (3.9.0):
    - iProov (= 8.2.0)
  - JumioMobileSDK/NetverifyBarcode (3.9.2)
  - JumioMobileSDK/NetverifyBase (3.9.2)
  - "JumioMobileSDK/NetverifyFace+iProov (3.9.0)":
    - iProov (= 8.2.0)
  - "JumioMobileSDK/NetverifyFace+Zoom (3.9.0)"
  - JumioMobileSDK/NetverifyNFC (3.9.2)
  - lottie-ios (3.1.8)
  - lottie-react-native (3.4.0):
    - lottie-ios (~> 3.1.3)
    - React-Core
  - nanopb (2.30908.0):
    - nanopb/decode (= 2.30908.0)
    - nanopb/encode (= 2.30908.0)
  - nanopb/decode (2.30908.0)
  - nanopb/encode (2.30908.0)
  - PromisesObjC (1.2.12)
  - RCTRequired (0.61.4)
  - RCTTypeSafety (0.61.4):
    - FBLazyVector (= 0.61.4)
    - Folly (= 2018.10.22.00)
    - RCTRequired (= 0.61.4)
    - React-Core (= 0.61.4)
  - React (0.61.4):
    - React-Core (= 0.61.4)
    - React-Core/DevSupport (= 0.61.4)
    - React-Core/RCTWebSocket (= 0.61.4)
    - React-RCTActionSheet (= 0.61.4)
    - React-RCTAnimation (= 0.61.4)
    - React-RCTBlob (= 0.61.4)
    - React-RCTImage (= 0.61.4)
    - React-RCTLinking (= 0.61.4)
    - React-RCTNetwork (= 0.61.4)
    - React-RCTSettings (= 0.61.4)
    - React-RCTText (= 0.61.4)
    - React-RCTVibration (= 0.61.4)
  - React-Core (0.61.4):
    - Folly (= 2018.10.22.00)
    - glog
    - React-Core/Default (= 0.61.4)
    - React-cxxreact (= 0.61.4)
    - React-jsi (= 0.61.4)
    - React-jsiexecutor (= 0.61.4)
    - Yoga
  - React-Core/CoreModulesHeaders (0.61.4):
    - Folly (= 2018.10.22.00)
    - glog
    - React-Core/Default
    - React-cxxreact (= 0.61.4)
    - React-jsi (= 0.61.4)
    - React-jsiexecutor (= 0.61.4)
    - Yoga
  - React-Core/Default (0.61.4):
    - Folly (= 2018.10.22.00)
    - glog
    - React-cxxreact (= 0.61.4)
    - React-jsi (= 0.61.4)
    - React-jsiexecutor (= 0.61.4)
    - Yoga
  - React-Core/DevSupport (0.61.4):
    - Folly (= 2018.10.22.00)
    - glog
    - React-Core/Default (= 0.61.4)
    - React-Core/RCTWebSocket (= 0.61.4)
    - React-cxxreact (= 0.61.4)
    - React-jsi (= 0.61.4)
    - React-jsiexecutor (= 0.61.4)
    - React-jsinspector (= 0.61.4)
    - Yoga
  - React-Core/RCTActionSheetHeaders (0.61.4):
    - Folly (= 2018.10.22.00)
    - glog
    - React-Core/Default
    - React-cxxreact (= 0.61.4)
    - React-jsi (= 0.61.4)
    - React-jsiexecutor (= 0.61.4)
    - Yoga
  - React-Core/RCTAnimationHeaders (0.61.4):
    - Folly (= 2018.10.22.00)
    - glog
    - React-Core/Default
    - React-cxxreact (= 0.61.4)
    - React-jsi (= 0.61.4)
    - React-jsiexecutor (= 0.61.4)
    - Yoga
  - React-Core/RCTBlobHeaders (0.61.4):
    - Folly (= 2018.10.22.00)
    - glog
    - React-Core/Default
    - React-cxxreact (= 0.61.4)
    - React-jsi (= 0.61.4)
    - React-jsiexecutor (= 0.61.4)
    - Yoga
  - React-Core/RCTImageHeaders (0.61.4):
    - Folly (= 2018.10.22.00)
    - glog
    - React-Core/Default
    - React-cxxreact (= 0.61.4)
    - React-jsi (= 0.61.4)
    - React-jsiexecutor (= 0.61.4)
    - Yoga
  - React-Core/RCTLinkingHeaders (0.61.4):
    - Folly (= 2018.10.22.00)
    - glog
    - React-Core/Default
    - React-cxxreact (= 0.61.4)
    - React-jsi (= 0.61.4)
    - React-jsiexecutor (= 0.61.4)
    - Yoga
  - React-Core/RCTNetworkHeaders (0.61.4):
    - Folly (= 2018.10.22.00)
    - glog
    - React-Core/Default
    - React-cxxreact (= 0.61.4)
    - React-jsi (= 0.61.4)
    - React-jsiexecutor (= 0.61.4)
    - Yoga
  - React-Core/RCTSettingsHeaders (0.61.4):
    - Folly (= 2018.10.22.00)
    - glog
    - React-Core/Default
    - React-cxxreact (= 0.61.4)
    - React-jsi (= 0.61.4)
    - React-jsiexecutor (= 0.61.4)
    - Yoga
  - React-Core/RCTTextHeaders (0.61.4):
    - Folly (= 2018.10.22.00)
    - glog
    - React-Core/Default
    - React-cxxreact (= 0.61.4)
    - React-jsi (= 0.61.4)
    - React-jsiexecutor (= 0.61.4)
    - Yoga
  - React-Core/RCTVibrationHeaders (0.61.4):
    - Folly (= 2018.10.22.00)
    - glog
    - React-Core/Default
    - React-cxxreact (= 0.61.4)
    - React-jsi (= 0.61.4)
    - React-jsiexecutor (= 0.61.4)
    - Yoga
  - React-Core/RCTWebSocket (0.61.4):
    - Folly (= 2018.10.22.00)
    - glog
    - React-Core/Default (= 0.61.4)
    - React-cxxreact (= 0.61.4)
    - React-jsi (= 0.61.4)
    - React-jsiexecutor (= 0.61.4)
    - Yoga
  - React-CoreModules (0.61.4):
    - FBReactNativeSpec (= 0.61.4)
    - Folly (= 2018.10.22.00)
    - RCTTypeSafety (= 0.61.4)
    - React-Core/CoreModulesHeaders (= 0.61.4)
    - React-RCTImage (= 0.61.4)
    - ReactCommon/turbomodule/core (= 0.61.4)
  - React-cxxreact (0.61.4):
    - boost-for-react-native (= 1.63.0)
    - DoubleConversion
    - Folly (= 2018.10.22.00)
    - glog
    - React-jsinspector (= 0.61.4)
  - React-jsi (0.61.4):
    - boost-for-react-native (= 1.63.0)
    - DoubleConversion
    - Folly (= 2018.10.22.00)
    - glog
    - React-jsi/Default (= 0.61.4)
  - React-jsi/Default (0.61.4):
    - boost-for-react-native (= 1.63.0)
    - DoubleConversion
    - Folly (= 2018.10.22.00)
    - glog
  - React-jsiexecutor (0.61.4):
    - DoubleConversion
    - Folly (= 2018.10.22.00)
    - glog
    - React-cxxreact (= 0.61.4)
    - React-jsi (= 0.61.4)
  - React-jsinspector (0.61.4)
  - react-native-blur (0.8.0):
    - React-Core
  - react-native-branch (5.0.1):
    - Branch (= 0.37.0)
    - React-Core
  - react-native-camera (3.8.0):
    - React-Core
    - react-native-camera/RCT (= 3.8.0)
    - react-native-camera/RN (= 3.8.0)
  - react-native-camera/RCT (3.8.0):
    - React-Core
  - react-native-camera/RN (3.8.0):
    - React-Core
  - react-native-document-picker (3.5.4):
    - React-Core
  - react-native-fingerprint-scanner (6.0.0):
    - React-Core
  - react-native-image-resizer (1.2.3):
    - React-Core
  - react-native-mail (6.1.0):
    - React-Core
  - react-native-netinfo (5.9.10):
    - React-Core
  - react-native-pbkdf2 (0.1.3):
    - React-Core
  - react-native-randombytes (3.5.3):
    - React-Core
  - react-native-safe-area-context (3.0.5):
    - React-Core
  - react-native-sensitive-info (5.5.5):
    - React-Core
  - react-native-shake (3.4.0):
    - React-Core
  - react-native-splash-screen (3.2.0):
    - React-Core
  - react-native-version-number (0.3.6):
    - React-Core
  - react-native-webview (10.1.1):
    - React-Core
  - react-native-white-label-app (1.0.0):
    - React-Core
    - vcx
  - React-RCTActionSheet (0.61.4):
    - React-Core/RCTActionSheetHeaders (= 0.61.4)
  - React-RCTAnimation (0.61.4):
    - React-Core/RCTAnimationHeaders (= 0.61.4)
  - React-RCTBlob (0.61.4):
    - React-Core/RCTBlobHeaders (= 0.61.4)
    - React-Core/RCTWebSocket (= 0.61.4)
    - React-jsi (= 0.61.4)
    - React-RCTNetwork (= 0.61.4)
  - React-RCTImage (0.61.4):
    - React-Core/RCTImageHeaders (= 0.61.4)
    - React-RCTNetwork (= 0.61.4)
  - React-RCTLinking (0.61.4):
    - React-Core/RCTLinkingHeaders (= 0.61.4)
  - React-RCTNetwork (0.61.4):
    - React-Core/RCTNetworkHeaders (= 0.61.4)
  - React-RCTSettings (0.61.4):
    - React-Core/RCTSettingsHeaders (= 0.61.4)
  - React-RCTText (0.61.4):
    - React-Core/RCTTextHeaders (= 0.61.4)
  - React-RCTVibration (0.61.4):
    - React-Core/RCTVibrationHeaders (= 0.61.4)
  - ReactCommon/jscallinvoker (0.61.4):
    - DoubleConversion
    - Folly (= 2018.10.22.00)
    - glog
    - React-cxxreact (= 0.61.4)
  - ReactCommon/turbomodule/core (0.61.4):
    - DoubleConversion
    - Folly (= 2018.10.22.00)
    - glog
    - React-Core (= 0.61.4)
    - React-cxxreact (= 0.61.4)
    - React-jsi (= 0.61.4)
    - ReactCommon/jscallinvoker (= 0.61.4)
  - rn-fetch-blob (0.12.0):
    - React-Core
  - RNCAsyncStorage (1.12.1):
    - React-Core
  - RNCMaskedView (0.1.10):
    - React-Core
  - RNCPicker (1.16.4):
    - React-Core
  - RNCPushNotificationIOS (1.8.0):
    - React-Core
  - RNDeviceInfo (5.6.5):
    - React-Core
  - RNFBApp (10.5.0):
    - Firebase/CoreOnly (~> 7.4.0)
    - React-Core
  - RNFBMessaging (10.5.1):
    - Firebase/Messaging (~> 7.4.0)
    - React-Core
    - RNFBApp
  - RNFileViewer (2.1.4):
    - React-Core
  - RNGestureHandler (1.6.1):
    - React-Core
  - RNImageColors (1.2.5):
    - React-Core
  - RNImageCropPicker (0.32.3):
    - React-Core
    - React-RCTImage
    - RNImageCropPicker/QBImagePickerController (= 0.32.3)
    - TOCropViewController
  - RNImageCropPicker/QBImagePickerController (0.32.3):
    - React-Core
    - React-RCTImage
    - TOCropViewController
  - RNLocalize (1.4.3):
    - React-Core
  - RNReanimated (1.9.0):
    - React-Core
  - RNScreens (2.17.1):
    - React-Core
  - RNShare (3.4.0):
    - React-Core
  - RNSnackbar (2.2.3):
    - React-Core
  - RNSVG (12.1.0):
    - React-Core
  - RNVectorIcons (6.6.0):
    - React-Core
  - RNZipArchive (5.0.2):
    - React-Core
    - RNZipArchive/Core (= 5.0.2)
    - SSZipArchive (= 2.2.2)
  - RNZipArchive/Core (5.0.2):
    - React-Core
    - SSZipArchive (= 2.2.2)
  - Socket.IO-Client-Swift (15.2.0):
    - Starscream (~> 3.1)
  - SSZipArchive (2.2.2)
  - Starscream (3.1.1)
  - TOCropViewController (2.6.0)
  - vcx (0.0.214)
  - Yoga (1.14.0)

DEPENDENCIES:
  - apptentive-ios (= 5.2.2)
  - apptentive-react-native (from `../node_modules/apptentive-react-native`)
  - DoubleConversion (from `../node_modules/react-native/third-party-podspecs/DoubleConversion.podspec`)
  - FBLazyVector (from `../node_modules/react-native/Libraries/FBLazyVector`)
  - FBReactNativeSpec (from `../node_modules/react-native/Libraries/FBReactNativeSpec`)
  - Folly (from `../node_modules/react-native/third-party-podspecs/Folly.podspec`)
  - glog (from `../node_modules/react-native/third-party-podspecs/glog.podspec`)
  - JumioMobileSDK (~> 3.9.0)
  - JumioMobileSDK/BAMCheckout (~> 3.9.0)
  - JumioMobileSDK/DocumentVerification (~> 3.9.0)
  - JumioMobileSDK/Netverify (~> 3.9.0)
  - JumioMobileSDK/NetverifyBarcode (~> 3.9.0)
  - JumioMobileSDK/NetverifyBase (~> 3.9.0)
  - "JumioMobileSDK/NetverifyFace+iProov (~> 3.9.0)"
  - "JumioMobileSDK/NetverifyFace+Zoom (~> 3.9.0)"
  - JumioMobileSDK/NetverifyNFC (~> 3.9.0)
  - lottie-ios (from `../node_modules/lottie-ios`)
  - lottie-react-native (from `../node_modules/lottie-react-native`)
  - RCTRequired (from `../node_modules/react-native/Libraries/RCTRequired`)
  - RCTTypeSafety (from `../node_modules/react-native/Libraries/TypeSafety`)
  - React (from `../node_modules/react-native/`)
  - React-Core (from `../node_modules/react-native/`)
  - React-Core/DevSupport (from `../node_modules/react-native/`)
  - React-Core/RCTWebSocket (from `../node_modules/react-native/`)
  - React-CoreModules (from `../node_modules/react-native/React/CoreModules`)
  - React-cxxreact (from `../node_modules/react-native/ReactCommon/cxxreact`)
  - React-jsi (from `../node_modules/react-native/ReactCommon/jsi`)
  - React-jsiexecutor (from `../node_modules/react-native/ReactCommon/jsiexecutor`)
  - React-jsinspector (from `../node_modules/react-native/ReactCommon/jsinspector`)
  - "react-native-blur (from `../node_modules/@react-native-community/blur`)"
  - react-native-branch (from `../node_modules/react-native-branch`)
  - react-native-camera (from `../node_modules/react-native-camera`)
  - react-native-document-picker (from `../node_modules/react-native-document-picker`)
  - react-native-fingerprint-scanner (from `../node_modules/react-native-fingerprint-scanner`)
  - react-native-image-resizer (from `../node_modules/react-native-image-resizer`)
  - react-native-mail (from `../node_modules/react-native-mail`)
  - "react-native-netinfo (from `../node_modules/@react-native-community/netinfo`)"
  - react-native-pbkdf2 (from `../node_modules/react-native-pbkdf2`)
  - react-native-randombytes (from `../node_modules/react-native-randombytes`)
  - react-native-safe-area-context (from `../node_modules/react-native-safe-area-context`)
  - react-native-sensitive-info (from `../node_modules/react-native-sensitive-info`)
  - react-native-shake (from `../node_modules/react-native-shake`)
  - react-native-splash-screen (from `../node_modules/react-native-splash-screen`)
  - react-native-version-number (from `../node_modules/react-native-version-number`)
  - react-native-webview (from `../node_modules/react-native-webview`)
  - "react-native-white-label-app (from `../node_modules/@evernym/react-native-white-label-app`)"
  - React-RCTActionSheet (from `../node_modules/react-native/Libraries/ActionSheetIOS`)
  - React-RCTAnimation (from `../node_modules/react-native/Libraries/NativeAnimation`)
  - React-RCTBlob (from `../node_modules/react-native/Libraries/Blob`)
  - React-RCTImage (from `../node_modules/react-native/Libraries/Image`)
  - React-RCTLinking (from `../node_modules/react-native/Libraries/LinkingIOS`)
  - React-RCTNetwork (from `../node_modules/react-native/Libraries/Network`)
  - React-RCTSettings (from `../node_modules/react-native/Libraries/Settings`)
  - React-RCTText (from `../node_modules/react-native/Libraries/Text`)
  - React-RCTVibration (from `../node_modules/react-native/Libraries/Vibration`)
  - ReactCommon/jscallinvoker (from `../node_modules/react-native/ReactCommon`)
  - ReactCommon/turbomodule/core (from `../node_modules/react-native/ReactCommon`)
  - rn-fetch-blob (from `../node_modules/rn-fetch-blob`)
  - "RNCAsyncStorage (from `../node_modules/@react-native-community/async-storage`)"
  - "RNCMaskedView (from `../node_modules/@react-native-community/masked-view`)"
  - "RNCPicker (from `../node_modules/@react-native-picker/picker`)"
  - "RNCPushNotificationIOS (from `../node_modules/@react-native-community/push-notification-ios`)"
  - RNDeviceInfo (from `../node_modules/react-native-device-info`)
  - "RNFBApp (from `../node_modules/@react-native-firebase/app`)"
  - "RNFBMessaging (from `../node_modules/@react-native-firebase/messaging`)"
  - RNFileViewer (from `../node_modules/react-native-file-viewer`)
  - RNGestureHandler (from `../node_modules/react-native-gesture-handler`)
  - RNImageColors (from `../node_modules/react-native-image-colors`)
  - RNImageCropPicker (from `../node_modules/react-native-image-crop-picker`)
  - RNLocalize (from `../node_modules/react-native-localize`)
  - RNReanimated (from `../node_modules/react-native-reanimated`)
  - RNScreens (from `../node_modules/react-native-screens`)
  - RNShare (from `../node_modules/react-native-share`)
  - RNSnackbar (from `../node_modules/react-native-snackbar`)
  - RNSVG (from `../node_modules/react-native-svg`)
  - RNVectorIcons (from `../node_modules/react-native-vector-icons`)
  - RNZipArchive (from `../node_modules/react-native-zip-archive`)
  - vcx (= 0.0.214)
  - Yoga (from `../node_modules/react-native/ReactCommon/yoga`)

SPEC REPOS:
  https://gitlab.com/evernym/mobile/mobile-sdk.git:
    - vcx
  trunk:
    - apptentive-ios
    - boost-for-react-native
    - Branch
    - Firebase
    - FirebaseCore
    - FirebaseCoreDiagnostics
    - FirebaseInstallations
    - FirebaseInstanceID
    - FirebaseMessaging
    - GoogleDataTransport
    - GoogleUtilities
    - iProov
    - JumioMobileSDK
    - nanopb
    - PromisesObjC
    - Socket.IO-Client-Swift
    - SSZipArchive
    - Starscream
    - TOCropViewController

EXTERNAL SOURCES:
  apptentive-react-native:
    :path: "../node_modules/apptentive-react-native"
  DoubleConversion:
    :podspec: "../node_modules/react-native/third-party-podspecs/DoubleConversion.podspec"
  FBLazyVector:
    :path: "../node_modules/react-native/Libraries/FBLazyVector"
  FBReactNativeSpec:
    :path: "../node_modules/react-native/Libraries/FBReactNativeSpec"
  Folly:
    :podspec: "../node_modules/react-native/third-party-podspecs/Folly.podspec"
  glog:
    :podspec: "../node_modules/react-native/third-party-podspecs/glog.podspec"
  lottie-ios:
    :path: "../node_modules/lottie-ios"
  lottie-react-native:
    :path: "../node_modules/lottie-react-native"
  RCTRequired:
    :path: "../node_modules/react-native/Libraries/RCTRequired"
  RCTTypeSafety:
    :path: "../node_modules/react-native/Libraries/TypeSafety"
  React:
    :path: "../node_modules/react-native/"
  React-Core:
    :path: "../node_modules/react-native/"
  React-CoreModules:
    :path: "../node_modules/react-native/React/CoreModules"
  React-cxxreact:
    :path: "../node_modules/react-native/ReactCommon/cxxreact"
  React-jsi:
    :path: "../node_modules/react-native/ReactCommon/jsi"
  React-jsiexecutor:
    :path: "../node_modules/react-native/ReactCommon/jsiexecutor"
  React-jsinspector:
    :path: "../node_modules/react-native/ReactCommon/jsinspector"
  react-native-blur:
    :path: "../node_modules/@react-native-community/blur"
  react-native-branch:
    :path: "../node_modules/react-native-branch"
  react-native-camera:
    :path: "../node_modules/react-native-camera"
  react-native-document-picker:
    :path: "../node_modules/react-native-document-picker"
  react-native-fingerprint-scanner:
    :path: "../node_modules/react-native-fingerprint-scanner"
  react-native-image-resizer:
    :path: "../node_modules/react-native-image-resizer"
  react-native-mail:
    :path: "../node_modules/react-native-mail"
  react-native-netinfo:
    :path: "../node_modules/@react-native-community/netinfo"
  react-native-pbkdf2:
    :path: "../node_modules/react-native-pbkdf2"
  react-native-randombytes:
    :path: "../node_modules/react-native-randombytes"
  react-native-safe-area-context:
    :path: "../node_modules/react-native-safe-area-context"
  react-native-sensitive-info:
    :path: "../node_modules/react-native-sensitive-info"
  react-native-shake:
    :path: "../node_modules/react-native-shake"
  react-native-splash-screen:
    :path: "../node_modules/react-native-splash-screen"
  react-native-version-number:
    :path: "../node_modules/react-native-version-number"
  react-native-webview:
    :path: "../node_modules/react-native-webview"
  react-native-white-label-app:
    :path: "../node_modules/@evernym/react-native-white-label-app"
  React-RCTActionSheet:
    :path: "../node_modules/react-native/Libraries/ActionSheetIOS"
  React-RCTAnimation:
    :path: "../node_modules/react-native/Libraries/NativeAnimation"
  React-RCTBlob:
    :path: "../node_modules/react-native/Libraries/Blob"
  React-RCTImage:
    :path: "../node_modules/react-native/Libraries/Image"
  React-RCTLinking:
    :path: "../node_modules/react-native/Libraries/LinkingIOS"
  React-RCTNetwork:
    :path: "../node_modules/react-native/Libraries/Network"
  React-RCTSettings:
    :path: "../node_modules/react-native/Libraries/Settings"
  React-RCTText:
    :path: "../node_modules/react-native/Libraries/Text"
  React-RCTVibration:
    :path: "../node_modules/react-native/Libraries/Vibration"
  ReactCommon:
    :path: "../node_modules/react-native/ReactCommon"
  rn-fetch-blob:
    :path: "../node_modules/rn-fetch-blob"
  RNCAsyncStorage:
    :path: "../node_modules/@react-native-community/async-storage"
  RNCMaskedView:
    :path: "../node_modules/@react-native-community/masked-view"
  RNCPicker:
    :path: "../node_modules/@react-native-picker/picker"
  RNCPushNotificationIOS:
    :path: "../node_modules/@react-native-community/push-notification-ios"
  RNDeviceInfo:
    :path: "../node_modules/react-native-device-info"
  RNFBApp:
    :path: "../node_modules/@react-native-firebase/app"
  RNFBMessaging:
    :path: "../node_modules/@react-native-firebase/messaging"
  RNFileViewer:
    :path: "../node_modules/react-native-file-viewer"
  RNGestureHandler:
    :path: "../node_modules/react-native-gesture-handler"
  RNImageColors:
    :path: "../node_modules/react-native-image-colors"
  RNImageCropPicker:
    :path: "../node_modules/react-native-image-crop-picker"
  RNLocalize:
    :path: "../node_modules/react-native-localize"
  RNReanimated:
    :path: "../node_modules/react-native-reanimated"
  RNScreens:
    :path: "../node_modules/react-native-screens"
  RNShare:
    :path: "../node_modules/react-native-share"
  RNSnackbar:
    :path: "../node_modules/react-native-snackbar"
  RNSVG:
    :path: "../node_modules/react-native-svg"
  RNVectorIcons:
    :path: "../node_modules/react-native-vector-icons"
  RNZipArchive:
    :path: "../node_modules/react-native-zip-archive"
  Yoga:
    :path: "../node_modules/react-native/ReactCommon/yoga"

SPEC CHECKSUMS:
  apptentive-ios: a38ab3b2244f7294a06dd08e56afb8018d414bf4
  apptentive-react-native: f91958c55b9090aba7f776e56ede2f9dae57906b
  boost-for-react-native: 39c7adb57c4e60d6c5479dd8623128eb5b3f0f2c
  Branch: 49c609eb0ac0130b8491d0923a9298714731bd0d
  DoubleConversion: 5805e889d232975c086db112ece9ed034df7a0b2
  FBLazyVector: feb35a6b7f7b50f367be07f34012f34a79282fa3
  FBReactNativeSpec: 51477b84b1bf7ab6f9ef307c24e3dd675391be44
  Firebase: 09fb40287b6dfc8ee65f726fa0b788719d3f2a07
  FirebaseCore: 99c06e5a1e8d6952e75cb1f0a6d0b23c0f5ccdcf
  FirebaseCoreDiagnostics: 5662a3823ffcc0acbaa9a21ba5ed302fac634705
  FirebaseInstallations: bf2ec8dbf36ff4c91af6b9a003d15855757680c1
  FirebaseInstanceID: 5ad92c898e1328b66e8dd58811964d6fe4d334c3
  FirebaseMessaging: 6112b5cd04e0ff58c4a9920e5e29cf193ea88439
  Folly: 30e7936e1c45c08d884aa59369ed951a8e68cf51
  glog: 1f3da668190260b06b429bb211bfbee5cd790c28
  GoogleDataTransport: cd9db2180fcecd8da1b561aea31e3e56cf834aa7
  GoogleUtilities: e1d9ed4e544fc32a93e00e721400cbc3f377200d
  iProov: 867e796a694061aef01758a855f279ae5b1deb08
  JumioMobileSDK: 31377f29125fc674efe9e47abc1c8a984f069cb9
  lottie-ios: 48fac6be217c76937e36e340e2d09cf7b10b7f5f
  lottie-react-native: 634369419ccfe6e4b891f6f74e903f1515ff6804
  nanopb: a0ba3315591a9ae0a16a309ee504766e90db0c96
  PromisesObjC: 3113f7f76903778cf4a0586bd1ab89329a0b7b97
  RCTRequired: f3b3fb6f4723e8e52facb229d0c75fdc76773849
  RCTTypeSafety: 2ec60de6abb1db050b56ecc4b60188026078fd10
  React: 10e0130b57e55a7cd8c3dee37c1261102ce295f4
  React-Core: 636212410772d05f3a1eb79d965df2962ca1c70b
  React-CoreModules: 6f70d5e41919289c582f88c9ad9923fe5c87400a
  React-cxxreact: ddecbe9157ec1743f52ea17bf8d95debc0d6e846
  React-jsi: ca921f4041505f9d5197139b2d09eeb020bb12e8
  React-jsiexecutor: 8dfb73b987afa9324e4009bdce62a18ce23d983c
  React-jsinspector: d15478d0a8ada19864aa4d1cc1c697b41b3fa92f
  react-native-blur: ef741a08d020010ba65e411be0ab82d1d325e7ad
  react-native-branch: 8d541e4b80f0f9c2c9ff992523dbc80c6c75f424
  react-native-camera: cf8ef93678c3cb073c5d2bbc52337a98ab47b8a5
  react-native-document-picker: a1d2dc578f106686182595f24706adcc59a6dfe2
  react-native-fingerprint-scanner: b278a3eaf4b6b837e6cbaee374e07af6643e71e3
  react-native-image-resizer: cd7ef8c4839834b2c9e1a6303786afaa1ca3a5d2
  react-native-mail: 82d9a99b31de76084e279ed3a161dd9ed11001f0
  react-native-netinfo: 30fb89fa913c342be82a887b56e96be6d71201dd
  react-native-pbkdf2: 8a536cc2ce4add6fb49796c265f1b61892133499
  react-native-randombytes: 9459ae6ee3ba9a4b355aebf285695faba32c7d48
  react-native-safe-area-context: 922cbe0ebc80b9ad2db8b40f6db119bdd757bf89
  react-native-sensitive-info: e194060cbe8595d4ff83bad5962ef77142035bb4
  react-native-shake: fa76960c03db3ab4c9a26764800e2debd39c7dc2
  react-native-splash-screen: 682081d0a8a59b78c991e0844fa4a43c9f668a6b
  react-native-version-number: 656fae43d2a292a32b4736b812fdeeb0b47ccdef
  react-native-webview: 5d8de05d4b418da9b5412b3616998df50f346e75
  react-native-white-label-app: 008ca4ae20f54b9ef4ff703154ced7c54cd899b1
  React-RCTActionSheet: 7369b7c85f99b6299491333affd9f01f5a130c22
  React-RCTAnimation: d07be15b2bd1d06d89417eb0343f98ffd2b099a7
  React-RCTBlob: 8e0b23d95c9baa98f6b0e127e07666aaafd96c34
  React-RCTImage: 443050d14a66e8c2332e9c055f45689d23e15cc7
  React-RCTLinking: ce9a90ba155aec41be49e75ec721bbae2d48a47e
  React-RCTNetwork: 41fe54bacc67dd00e6e4c4d30dd98a13e4beabc8
  React-RCTSettings: 45e3e0a6470310b2dab2ccc6d1d73121ba3ea936
  React-RCTText: 21934e0a51d522abcd0a275407e80af45d6fd9ec
  React-RCTVibration: 0f76400ee3cec6edb9c125da49fed279340d145a
  ReactCommon: a6a294e7028ed67b926d29551aa9394fd989c24c
  rn-fetch-blob: f065bb7ab7fb48dd002629f8bdcb0336602d3cba
  RNCAsyncStorage: b03032fdbdb725bea0bd9e5ec5a7272865ae7398
  RNCMaskedView: bed2a1eb783ec4b149167f0fd72d05593686d745
  RNCPicker: c620feabdfb8b131fc1be42b407be5bacc147fea
  RNCPushNotificationIOS: 61a7c72bd1ebad3568025957d001e0f0e7b32191
  RNDeviceInfo: f7698670a863ade5b010e873c5966b307194532c
  RNFBApp: 1b64430cb117cb709ac7fc2a1d859ecb406a3e1d
  RNFBMessaging: d847df779006a360993b85dbcd00dbc028933f84
  RNFileViewer: 83cc066ad795b1f986791d03b56fe0ee14b6a69f
  RNGestureHandler: 90e274c7f94b32e116b1e4d6be2f28477291ce37
  RNImageColors: 18783bf3f6f2ed5fcf4385a9003e6fa1f8f0d35f
  RNImageCropPicker: 54e5ea3d0e298ed51e1441a2fa0a0e7c90ee256d
  RNLocalize: 7c7aeda16c01db7a0918981c14875c0a53be9b79
  RNReanimated: f05baf4cd76b6eab2e4d7e2b244424960b968918
  RNScreens: b6c9607e6fe47c1b6e2f1910d2acd46dd7ecea3a
  RNShare: e11014e7afd7802aba95b6f52946061a5a55d8cf
  RNSnackbar: ce24f8dad64f65e345e6a93b777733707379913c
  RNSVG: 59dfa0b461f9e94136e1b1f3878da58a743d4795
  RNVectorIcons: 493939c397a9ffaf44d8bc407f709c65787d1528
  RNZipArchive: ad14dfbae8d51dc92f94634344277425060e524b
  Socket.IO-Client-Swift: 1e3e3a1f09f3312a167f0d781eb2f383d477357c
  SSZipArchive: fa16b8cc4cdeceb698e5e5d9f67e9558532fbf23
  Starscream: 4bb2f9942274833f7b4d296a55504dcfc7edb7b0
  TOCropViewController: 3105367e808b7d3d886a74ff59bf4804e7d3ab38
  vcx: b16d73737b1751d50ba1508b97e35ee5fbfb1e4d
  Yoga: ba3d99dbee6c15ea6bbe3783d1f0cb1ffb79af0f

PODFILE CHECKSUM: 67d39d8eb074e2be38b2f972d7d5fe484840a4f0

COCOAPODS: 1.10.0
